Microsoft Visual Studio Solution File, Format Version 10.00
# Visual Studio 2008
Project("{8BC9CEB8-8B4A-11D0-8D11-00A0C91BC942}") = "BuildNumber", "BuildNumber.vcproj", "{C3A2CDBC-34C0-425F-85C0-C66F66288697}"
EndProject
Global
	GlobalSection(SolutionConfigurationPlatforms) = preSolution
		Debug|Win32 = Debug|Win32
		Release|Win32 = Release|Win32
	EndGlobalSection
	GlobalSection(ProjectConfigurationPlatforms) = postSolution
		{C3A2CDBC-34C0-425F-85C0-C66F66288697}.Debug|Win32.ActiveCfg = Debug|Win32
		{C3A2CDBC-34C0-425F-85C0-C66F66288697}.Debug|Win32.Build.0 = Debug|Win32
		{C3A2CDBC-34C0-425F-85C0-C66F66288697}.Release|Win32.ActiveCfg = Release|Win32
		{C3A2CDBC-34C0-425F-85C0-C66F66288697}.Release|Win32.Build.0 = Release|Win32
	EndGlobalSection
	GlobalSection(SolutionProperties) = preSolution
		HideSolutionNode = FALSE
	EndGlobalSection
EndGlobal
